
Microsoft Visual Studio Solution File, Format Version 12.00
# Visual Studio Version 17
VisualStudioVersion = 17.1.32421.90
MinimumVisualStudioVersion = 10.0.40219.1
Project("{FAE04EC0-301F-11D3-BF4B-00C04F79EFBC}") = "JGP.BigReference.Site", "JGP.BigReference.Site\JGP.BigReference.Site.csproj", "{83EFD3A8-5CB0-4ADA-A6C9-F17766845524}"
EndProject
Global
	GlobalSection(SolutionConfigurationPlatforms) = preSolution
		Debug|Any CPU = Debug|Any CPU
		Release|Any CPU = Release|Any CPU
	EndGlobalSection
	GlobalSection(ProjectConfigurationPlatforms) = postSolution
		{83EFD3A8-5CB0-4ADA-A6C9-F17766845524}.Debug|Any CPU.ActiveCfg = Debug|Any CPU
		{83EFD3A8-5CB0-4ADA-A6C9-F17766845524}.Debug|Any CPU.Build.0 = Debug|Any CPU
		{83EFD3A8-5CB0-4ADA-A6C9-F17766845524}.Release|Any CPU.ActiveCfg = Release|Any CPU
		{83EFD3A8-5CB0-4ADA-A6C9-F17766845524}.Release|Any CPU.Build.0 = Release|Any CPU
	EndGlobalSection
	GlobalSection(SolutionProperties) = preSolution
		HideSolutionNode = FALSE
	EndGlobalSection
	GlobalSection(ExtensibilityGlobals) = postSolution
		SolutionGuid = {53EA667B-1419-45ED-8584-970CD3A49C41}
	EndGlobalSection
EndGlobal
